
Microsoft Visual Studio Solution File, Format Version 12.00
# Visual Studio Version 16
VisualStudioVersion = 16.0.30804.86
MinimumVisualStudioVersion = 10.0.40219.1
Project("{FAE04EC0-301F-11D3-BF4B-00C04F79EFBC}") = "Praktika_9", "Praktika_9\Praktika_9.csproj", "{0444FF56-D1B2-4613-8B3B-87CF1097E96D}"
EndProject
Global
	GlobalSection(SolutionConfigurationPlatforms) = preSolution
		Debug|Any CPU = Debug|Any CPU
		Release|Any CPU = Release|Any CPU
	EndGlobalSection
	GlobalSection(ProjectConfigurationPlatforms) = postSolution
		{0444FF56-D1B2-4613-8B3B-87CF1097E96D}.Debug|Any CPU.ActiveCfg = Debug|Any CPU
		{0444FF56-D1B2-4613-8B3B-87CF1097E96D}.Debug|Any CPU.Build.0 = Debug|Any CPU
		{0444FF56-D1B2-4613-8B3B-87CF1097E96D}.Release|Any CPU.ActiveCfg = Release|Any CPU
		{0444FF56-D1B2-4613-8B3B-87CF1097E96D}.Release|Any CPU.Build.0 = Release|Any CPU
	EndGlobalSection
	GlobalSection(SolutionProperties) = preSolution
		HideSolutionNode = FALSE
	EndGlobalSection
	GlobalSection(ExtensibilityGlobals) = postSolution
		SolutionGuid = {B0212DB9-6D54-401A-B0D8-0A6F8082C6CC}
	EndGlobalSection
EndGlobal
